# THIS IS AN AUTOGENERATED FILE. DO NOT EDIT THIS FILE DIRECTLY.
# yarn lockfile v1


"@types/web-bluetooth@^0.0.20":
  version "0.0.20"
  resolved "https://registry.npmjs.org/@types/web-bluetooth/-/web-bluetooth-0.0.20.tgz"
  integrity sha512-g9gZnnXVq7gM7v3tJCWV/qw7w+KeOlSHAhgF9RytFyifW6AF61hdT2ucrYhPq9hLs5JIryeupHV3qGk95dH9ow==

"@vueuse/core@^10.9.0":
  version "10.9.0"
  resolved "https://registry.npmjs.org/@vueuse/core/-/core-10.9.0.tgz"
  integrity sha512-/1vjTol8SXnx6xewDEKfS0Ra//ncg4Hb0DaZiwKf7drgfMsKFExQ+FnnENcN6efPen+1kIzhLQoGSy0eDUVOMg==
  dependencies:
    "@types/web-bluetooth" "^0.0.20"
    "@vueuse/metadata" "10.9.0"
    "@vueuse/shared" "10.9.0"
    vue-demi ">=0.14.7"

"@vueuse/metadata@10.9.0":
  version "10.9.0"
  resolved "https://registry.npmjs.org/@vueuse/metadata/-/metadata-10.9.0.tgz"
  integrity sha512-iddNbg3yZM0X7qFY2sAotomgdHK7YJ6sKUvQqbvwnf7TmaVPxS4EJydcNsVejNdS8iWCtDk+fYXr7E32nyTnGA==

"@vueuse/shared@10.9.0":
  version "10.9.0"
  resolved "https://registry.npmjs.org/@vueuse/shared/-/shared-10.9.0.tgz"
  integrity sha512-Uud2IWncmAfJvRaFYzv5OHDli+FbOzxiVEQdLCKQKLyhz94PIyFC3CHcH7EDMwIn8NPtD06+PNbC/PiO0LGLtw==
  dependencies:
    vue-demi ">=0.14.7"

vue-demi@>=0.14.7:
  version "0.14.7"
  resolved "https://registry.npmjs.org/vue-demi/-/vue-demi-0.14.7.tgz"
  integrity sha512-EOG8KXDQNwkJILkx/gPcoL/7vH+hORoBaKgGe+6W7VFMvCYJfmF2dGbvgDroVnI8LU7/kTu8mbjRZGBU1z9NTA==

"vue@^3.0.0-0 || ^2.6.0":
  version "2.6.14"
  resolved "https://registry.npmjs.org/vue/-/vue-2.6.14.tgz"
  integrity sha512-x2284lgYvjOMj3Za7kqzRcUSxBboHqtgRE2zlos1qWaOye5yUmHn42LB1250NJBLRwEcdrB0JRwyPTEPhfQjiQ==
